
Microsoft Visual Studio Solution File, Format Version 12.00
# Visual Studio Version 17
VisualStudioVersion = 17.11.35327.3
MinimumVisualStudioVersion = 10.0.40219.1
Project("{9A19103F-16F7-4668-BE54-9A1E7A4F7556}") = "CarShowroom", "CarShowroom.csproj", "{340C6C11-2405-41FA-882E-F1B22EE4FA8C}"
EndProject
Project("{2150E333-8FDC-42A3-9474-1A3956D46DE8}") = "AppCore", "AppCore", "{20844B96-FFFE-4CF8-9CB1-6B01AB0D6489}"
EndProject
Project("{9A19103F-16F7-4668-BE54-9A1E7A4F7556}") = "BLL", "BLL\BLL.csproj", "{387FFE26-CAE8-4761-9E8A-0C7B3D0D0C90}"
EndProject
Project("{9A19103F-16F7-4668-BE54-9A1E7A4F7556}") = "Dom", "Dom\Dom.csproj", "{1687EAD3-B90A-485F-A87A-FB1D19740C8C}"
EndProject
Project("{9A19103F-16F7-4668-BE54-9A1E7A4F7556}") = "DAL", "DAL\DAL.csproj", "{34590F69-9F58-4C7F-AAC6-E5BCC4C026F4}"
EndProject
Project("{9A19103F-16F7-4668-BE54-9A1E7A4F7556}") = "Interfaces", "Interfaces\Interfaces.csproj", "{C96CEE2F-D3AF-45FA-8EDC-FB016438A979}"
EndProject
Global
	GlobalSection(SolutionConfigurationPlatforms) = preSolution
		Debug|Any CPU = Debug|Any CPU
		Release|Any CPU = Release|Any CPU
	EndGlobalSection
	GlobalSection(ProjectConfigurationPlatforms) = postSolution
		{340C6C11-2405-41FA-882E-F1B22EE4FA8C}.Debug|Any CPU.ActiveCfg = Debug|Any CPU
		{340C6C11-2405-41FA-882E-F1B22EE4FA8C}.Debug|Any CPU.Build.0 = Debug|Any CPU
		{340C6C11-2405-41FA-882E-F1B22EE4FA8C}.Debug|Any CPU.Deploy.0 = Debug|Any CPU
		{340C6C11-2405-41FA-882E-F1B22EE4FA8C}.Release|Any CPU.ActiveCfg = Release|Any CPU
		{340C6C11-2405-41FA-882E-F1B22EE4FA8C}.Release|Any CPU.Build.0 = Release|Any CPU
		{340C6C11-2405-41FA-882E-F1B22EE4FA8C}.Release|Any CPU.Deploy.0 = Release|Any CPU
		{387FFE26-CAE8-4761-9E8A-0C7B3D0D0C90}.Debug|Any CPU.ActiveCfg = Debug|Any CPU
		{387FFE26-CAE8-4761-9E8A-0C7B3D0D0C90}.Debug|Any CPU.Build.0 = Debug|Any CPU
		{387FFE26-CAE8-4761-9E8A-0C7B3D0D0C90}.Release|Any CPU.ActiveCfg = Release|Any CPU
		{387FFE26-CAE8-4761-9E8A-0C7B3D0D0C90}.Release|Any CPU.Build.0 = Release|Any CPU
		{1687EAD3-B90A-485F-A87A-FB1D19740C8C}.Debug|Any CPU.ActiveCfg = Debug|Any CPU
		{1687EAD3-B90A-485F-A87A-FB1D19740C8C}.Debug|Any CPU.Build.0 = Debug|Any CPU
		{1687EAD3-B90A-485F-A87A-FB1D19740C8C}.Release|Any CPU.ActiveCfg = Release|Any CPU
		{1687EAD3-B90A-485F-A87A-FB1D19740C8C}.Release|Any CPU.Build.0 = Release|Any CPU
		{34590F69-9F58-4C7F-AAC6-E5BCC4C026F4}.Debug|Any CPU.ActiveCfg = Debug|Any CPU
		{34590F69-9F58-4C7F-AAC6-E5BCC4C026F4}.Debug|Any CPU.Build.0 = Debug|Any CPU
		{34590F69-9F58-4C7F-AAC6-E5BCC4C026F4}.Release|Any CPU.ActiveCfg = Release|Any CPU
		{34590F69-9F58-4C7F-AAC6-E5BCC4C026F4}.Release|Any CPU.Build.0 = Release|Any CPU
		{C96CEE2F-D3AF-45FA-8EDC-FB016438A979}.Debug|Any CPU.ActiveCfg = Debug|Any CPU
		{C96CEE2F-D3AF-45FA-8EDC-FB016438A979}.Debug|Any CPU.Build.0 = Debug|Any CPU
		{C96CEE2F-D3AF-45FA-8EDC-FB016438A979}.Release|Any CPU.ActiveCfg = Release|Any CPU
		{C96CEE2F-D3AF-45FA-8EDC-FB016438A979}.Release|Any CPU.Build.0 = Release|Any CPU
	EndGlobalSection
	GlobalSection(SolutionProperties) = preSolution
		HideSolutionNode = FALSE
	EndGlobalSection
	GlobalSection(NestedProjects) = preSolution
		{1687EAD3-B90A-485F-A87A-FB1D19740C8C} = {20844B96-FFFE-4CF8-9CB1-6B01AB0D6489}
		{C96CEE2F-D3AF-45FA-8EDC-FB016438A979} = {20844B96-FFFE-4CF8-9CB1-6B01AB0D6489}
	EndGlobalSection
	GlobalSection(ExtensibilityGlobals) = postSolution
		SolutionGuid = {6547718B-3D1D-437A-A252-F8E8CC38B2A4}
	EndGlobalSection
EndGlobal
